
Microsoft Visual Studio Solution File, Format Version 12.00
# Visual Studio Version 17
VisualStudioVersion = 17.3.32819.101
MinimumVisualStudioVersion = 10.0.40219.1
Project("{FAE04EC0-301F-11D3-BF4B-00C04F79EFBC}") = "master", "master\master.csproj", "{CDF59ECF-C98C-42EE-8591-234F6E407399}"
EndProject
Global
	GlobalSection(SolutionConfigurationPlatforms) = preSolution
		Debug|Any CPU = Debug|Any CPU
		Release|Any CPU = Release|Any CPU
	EndGlobalSection
	GlobalSection(ProjectConfigurationPlatforms) = postSolution
		{CDF59ECF-C98C-42EE-8591-234F6E407399}.Debug|Any CPU.ActiveCfg = Debug|Any CPU
		{CDF59ECF-C98C-42EE-8591-234F6E407399}.Debug|Any CPU.Build.0 = Debug|Any CPU
		{CDF59ECF-C98C-42EE-8591-234F6E407399}.Release|Any CPU.ActiveCfg = Release|Any CPU
		{CDF59ECF-C98C-42EE-8591-234F6E407399}.Release|Any CPU.Build.0 = Release|Any CPU
	EndGlobalSection
	GlobalSection(SolutionProperties) = preSolution
		HideSolutionNode = FALSE
	EndGlobalSection
	GlobalSection(ExtensibilityGlobals) = postSolution
		SolutionGuid = {540CA8C0-B353-4A65-BC42-A2256B51300B}
	EndGlobalSection
EndGlobal
